
Microsoft Visual Studio Solution File, Format Version 11.00
# Visual Studio 2010
# SharpDevelop 5.1
Project("{FAE04EC0-301F-11D3-BF4B-00C04F79EFBC}") = "function", "function\function.csproj", "{2F8591CB-9320-48B8-B6B8-5B66A6EBE0CC}"
EndProject
Global
	GlobalSection(SolutionConfigurationPlatforms) = preSolution
		Debug|Any CPU = Debug|Any CPU
		Release|Any CPU = Release|Any CPU
	EndGlobalSection
	GlobalSection(ProjectConfigurationPlatforms) = postSolution
		{2F8591CB-9320-48B8-B6B8-5B66A6EBE0CC}.Debug|Any CPU.ActiveCfg = Debug|Any CPU
		{2F8591CB-9320-48B8-B6B8-5B66A6EBE0CC}.Debug|Any CPU.Build.0 = Debug|Any CPU
		{2F8591CB-9320-48B8-B6B8-5B66A6EBE0CC}.Release|Any CPU.ActiveCfg = Release|Any CPU
		{2F8591CB-9320-48B8-B6B8-5B66A6EBE0CC}.Release|Any CPU.Build.0 = Release|Any CPU
	EndGlobalSection
EndGlobal
